
Microsoft Visual Studio Solution File, Format Version 12.00
# Visual Studio Version 16
VisualStudioVersion = 16.0.28803.202
MinimumVisualStudioVersion = 10.0.40219.1
Project("{778DAE3C-4631-46EA-AA77-85C1314464D9}") = "1.01 variables_consola", "VariablesOperacionales\1.01 variables_consola.vbproj", "{D5DD9EDC-6258-4611-AB9B-5538F65B0198}"
EndProject
Project("{778DAE3C-4631-46EA-AA77-85C1314464D9}") = "1.02 variables_tipos", "Conso\1.02 variables_tipos.vbproj", "{F223E1A4-427D-44D4-B8D2-79CE797CA5E2}"
EndProject
Project("{778DAE3C-4631-46EA-AA77-85C1314464D9}") = "1.03 Concatenación", "Concatenación\1.03 Concatenación.vbproj", "{1B22C73D-8F61-46AA-ACCD-112219B6A288}"
EndProject
Project("{778DAE3C-4631-46EA-AA77-85C1314464D9}") = "1.04 Aritmética", "Aritmética\1.04 Aritmética.vbproj", "{8E294823-05A0-48FF-A06D-B41E9E8181B4}"
EndProject
Project("{778DAE3C-4631-46EA-AA77-85C1314464D9}") = "1.05 Cuadrática", "Ecuación\1.05 Cuadrática.vbproj", "{2D5D2B07-9907-4240-BBEA-89B712ECAC98}"
EndProject
Project("{778DAE3C-4631-46EA-AA77-85C1314464D9}") = "1.06 Suma_Promedio", "SumatoriaYMedia\1.06 Suma_Promedio.vbproj", "{303B674E-6A1C-4C6C-AB95-29F7B786041F}"
EndProject
Project("{778DAE3C-4631-46EA-AA77-85C1314464D9}") = "1.07 Equivalencia_Dias", "Semanas\1.07 Equivalencia_Dias.vbproj", "{A9328A2F-A649-49FD-8496-C9D374CA346E}"
EndProject
Project("{778DAE3C-4631-46EA-AA77-85C1314464D9}") = "1.08 TablasDeVerdad", "TablasDeVerdad\1.08 TablasDeVerdad.vbproj", "{83CFB034-E9D6-4703-BF2F-6DB43F0FBC17}"
EndProject
Project("{F184B08F-C81C-45F6-A57F-5ABD9991F28F}") = "1.09 Interes", "1.9 Interes\1.09 Interes.vbproj", "{424C6F05-9346-4F06-9A84-CC2C64989BC1}"
EndProject
Project("{F184B08F-C81C-45F6-A57F-5ABD9991F28F}") = "1.10 Resto_Division", "1.10 Resto_Division\1.10 Resto_Division.vbproj", "{10B25886-6212-4870-A263-937DAC5DB1AB}"
EndProject
Project("{F184B08F-C81C-45F6-A57F-5ABD9991F28F}") = "1.11 Matematicas1", "1.11 Matematicas1\1.11 Matematicas1.vbproj", "{88646EEA-59CC-490C-ACCF-4FAE5B5F9BC7}"
EndProject
Project("{F184B08F-C81C-45F6-A57F-5ABD9991F28F}") = "1.12 Redondeo", "1.12 Redondeo\1.12 Redondeo.vbproj", "{63314EF6-6B36-479B-9C17-A29EB007F486}"
EndProject
Project("{F184B08F-C81C-45F6-A57F-5ABD9991F28F}") = "1.13 Mayor", "1.13 Mayor\1.13 Mayor.vbproj", "{15331ACE-F41E-4B7F-95CE-021A11D53A76}"
EndProject
Project("{F184B08F-C81C-45F6-A57F-5ABD9991F28F}") = "1.14 Cadenas1", "1.14 Cadenas1\1.14 Cadenas1.vbproj", "{9CD56474-9D11-4A7B-B72D-46DBB18A49EC}"
EndProject
Project("{F184B08F-C81C-45F6-A57F-5ABD9991F28F}") = "1.15 Refrase", "1.15 Refrase\1.15 Refrase.vbproj", "{F406E46F-ED5D-4FA8-BAC0-8E0A7EB21F55}"
EndProject
Project("{F184B08F-C81C-45F6-A57F-5ABD9991F28F}") = "1.16 Reloj", "1.16 Reloj\1.16 Reloj.vbproj", "{4A35101D-F399-467F-906A-E6612638DF6A}"
EndProject
Project("{F184B08F-C81C-45F6-A57F-5ABD9991F28F}") = "1.17 Ajustar_Reloj", "1.17 Ajustar_Reloj\1.17 Ajustar_Reloj.vbproj", "{B0D0CBEB-432A-4407-8A03-FADD5236D1D5}"
EndProject
Global
	GlobalSection(SolutionConfigurationPlatforms) = preSolution
		Debug|Any CPU = Debug|Any CPU
		Release|Any CPU = Release|Any CPU
	EndGlobalSection
	GlobalSection(ProjectConfigurationPlatforms) = postSolution
		{D5DD9EDC-6258-4611-AB9B-5538F65B0198}.Debug|Any CPU.ActiveCfg = Debug|Any CPU
		{D5DD9EDC-6258-4611-AB9B-5538F65B0198}.Debug|Any CPU.Build.0 = Debug|Any CPU
		{D5DD9EDC-6258-4611-AB9B-5538F65B0198}.Release|Any CPU.ActiveCfg = Release|Any CPU
		{D5DD9EDC-6258-4611-AB9B-5538F65B0198}.Release|Any CPU.Build.0 = Release|Any CPU
		{F223E1A4-427D-44D4-B8D2-79CE797CA5E2}.Debug|Any CPU.ActiveCfg = Debug|Any CPU
		{F223E1A4-427D-44D4-B8D2-79CE797CA5E2}.Debug|Any CPU.Build.0 = Debug|Any CPU
		{F223E1A4-427D-44D4-B8D2-79CE797CA5E2}.Release|Any CPU.ActiveCfg = Release|Any CPU
		{F223E1A4-427D-44D4-B8D2-79CE797CA5E2}.Release|Any CPU.Build.0 = Release|Any CPU
		{1B22C73D-8F61-46AA-ACCD-112219B6A288}.Debug|Any CPU.ActiveCfg = Debug|Any CPU
		{1B22C73D-8F61-46AA-ACCD-112219B6A288}.Debug|Any CPU.Build.0 = Debug|Any CPU
		{1B22C73D-8F61-46AA-ACCD-112219B6A288}.Release|Any CPU.ActiveCfg = Release|Any CPU
		{1B22C73D-8F61-46AA-ACCD-112219B6A288}.Release|Any CPU.Build.0 = Release|Any CPU
		{8E294823-05A0-48FF-A06D-B41E9E8181B4}.Debug|Any CPU.ActiveCfg = Debug|Any CPU
		{8E294823-05A0-48FF-A06D-B41E9E8181B4}.Debug|Any CPU.Build.0 = Debug|Any CPU
		{8E294823-05A0-48FF-A06D-B41E9E8181B4}.Release|Any CPU.ActiveCfg = Release|Any CPU
		{8E294823-05A0-48FF-A06D-B41E9E8181B4}.Release|Any CPU.Build.0 = Release|Any CPU
		{2D5D2B07-9907-4240-BBEA-89B712ECAC98}.Debug|Any CPU.ActiveCfg = Debug|Any CPU
		{2D5D2B07-9907-4240-BBEA-89B712ECAC98}.Debug|Any CPU.Build.0 = Debug|Any CPU
		{2D5D2B07-9907-4240-BBEA-89B712ECAC98}.Release|Any CPU.ActiveCfg = Release|Any CPU
		{2D5D2B07-9907-4240-BBEA-89B712ECAC98}.Release|Any CPU.Build.0 = Release|Any CPU
		{303B674E-6A1C-4C6C-AB95-29F7B786041F}.Debug|Any CPU.ActiveCfg = Debug|Any CPU
		{303B674E-6A1C-4C6C-AB95-29F7B786041F}.Debug|Any CPU.Build.0 = Debug|Any CPU
		{303B674E-6A1C-4C6C-AB95-29F7B786041F}.Release|Any CPU.ActiveCfg = Release|Any CPU
		{303B674E-6A1C-4C6C-AB95-29F7B786041F}.Release|Any CPU.Build.0 = Release|Any CPU
		{A9328A2F-A649-49FD-8496-C9D374CA346E}.Debug|Any CPU.ActiveCfg = Debug|Any CPU
		{A9328A2F-A649-49FD-8496-C9D374CA346E}.Debug|Any CPU.Build.0 = Debug|Any CPU
		{A9328A2F-A649-49FD-8496-C9D374CA346E}.Release|Any CPU.ActiveCfg = Release|Any CPU
		{A9328A2F-A649-49FD-8496-C9D374CA346E}.Release|Any CPU.Build.0 = Release|Any CPU
		{83CFB034-E9D6-4703-BF2F-6DB43F0FBC17}.Debug|Any CPU.ActiveCfg = Debug|Any CPU
		{83CFB034-E9D6-4703-BF2F-6DB43F0FBC17}.Debug|Any CPU.Build.0 = Debug|Any CPU
		{83CFB034-E9D6-4703-BF2F-6DB43F0FBC17}.Release|Any CPU.ActiveCfg = Release|Any CPU
		{83CFB034-E9D6-4703-BF2F-6DB43F0FBC17}.Release|Any CPU.Build.0 = Release|Any CPU
		{424C6F05-9346-4F06-9A84-CC2C64989BC1}.Debug|Any CPU.ActiveCfg = Debug|Any CPU
		{424C6F05-9346-4F06-9A84-CC2C64989BC1}.Debug|Any CPU.Build.0 = Debug|Any CPU
		{424C6F05-9346-4F06-9A84-CC2C64989BC1}.Release|Any CPU.ActiveCfg = Release|Any CPU
		{424C6F05-9346-4F06-9A84-CC2C64989BC1}.Release|Any CPU.Build.0 = Release|Any CPU
		{10B25886-6212-4870-A263-937DAC5DB1AB}.Debug|Any CPU.ActiveCfg = Debug|Any CPU
		{10B25886-6212-4870-A263-937DAC5DB1AB}.Debug|Any CPU.Build.0 = Debug|Any CPU
		{10B25886-6212-4870-A263-937DAC5DB1AB}.Release|Any CPU.ActiveCfg = Release|Any CPU
		{10B25886-6212-4870-A263-937DAC5DB1AB}.Release|Any CPU.Build.0 = Release|Any CPU
		{88646EEA-59CC-490C-ACCF-4FAE5B5F9BC7}.Debug|Any CPU.ActiveCfg = Debug|Any CPU
		{88646EEA-59CC-490C-ACCF-4FAE5B5F9BC7}.Debug|Any CPU.Build.0 = Debug|Any CPU
		{88646EEA-59CC-490C-ACCF-4FAE5B5F9BC7}.Release|Any CPU.ActiveCfg = Release|Any CPU
		{88646EEA-59CC-490C-ACCF-4FAE5B5F9BC7}.Release|Any CPU.Build.0 = Release|Any CPU
		{63314EF6-6B36-479B-9C17-A29EB007F486}.Debug|Any CPU.ActiveCfg = Debug|Any CPU
		{63314EF6-6B36-479B-9C17-A29EB007F486}.Debug|Any CPU.Build.0 = Debug|Any CPU
		{63314EF6-6B36-479B-9C17-A29EB007F486}.Release|Any CPU.ActiveCfg = Release|Any CPU
		{63314EF6-6B36-479B-9C17-A29EB007F486}.Release|Any CPU.Build.0 = Release|Any CPU
		{15331ACE-F41E-4B7F-95CE-021A11D53A76}.Debug|Any CPU.ActiveCfg = Debug|Any CPU
		{15331ACE-F41E-4B7F-95CE-021A11D53A76}.Debug|Any CPU.Build.0 = Debug|Any CPU
		{15331ACE-F41E-4B7F-95CE-021A11D53A76}.Release|Any CPU.ActiveCfg = Release|Any CPU
		{15331ACE-F41E-4B7F-95CE-021A11D53A76}.Release|Any CPU.Build.0 = Release|Any CPU
		{9CD56474-9D11-4A7B-B72D-46DBB18A49EC}.Debug|Any CPU.ActiveCfg = Debug|Any CPU
		{9CD56474-9D11-4A7B-B72D-46DBB18A49EC}.Debug|Any CPU.Build.0 = Debug|Any CPU
		{9CD56474-9D11-4A7B-B72D-46DBB18A49EC}.Release|Any CPU.ActiveCfg = Release|Any CPU
		{9CD56474-9D11-4A7B-B72D-46DBB18A49EC}.Release|Any CPU.Build.0 = Release|Any CPU
		{F406E46F-ED5D-4FA8-BAC0-8E0A7EB21F55}.Debug|Any CPU.ActiveCfg = Debug|Any CPU
		{F406E46F-ED5D-4FA8-BAC0-8E0A7EB21F55}.Debug|Any CPU.Build.0 = Debug|Any CPU
		{F406E46F-ED5D-4FA8-BAC0-8E0A7EB21F55}.Release|Any CPU.ActiveCfg = Release|Any CPU
		{F406E46F-ED5D-4FA8-BAC0-8E0A7EB21F55}.Release|Any CPU.Build.0 = Release|Any CPU
		{4A35101D-F399-467F-906A-E6612638DF6A}.Debug|Any CPU.ActiveCfg = Debug|Any CPU
		{4A35101D-F399-467F-906A-E6612638DF6A}.Debug|Any CPU.Build.0 = Debug|Any CPU
		{4A35101D-F399-467F-906A-E6612638DF6A}.Release|Any CPU.ActiveCfg = Release|Any CPU
		{4A35101D-F399-467F-906A-E6612638DF6A}.Release|Any CPU.Build.0 = Release|Any CPU
		{B0D0CBEB-432A-4407-8A03-FADD5236D1D5}.Debug|Any CPU.ActiveCfg = Debug|Any CPU
		{B0D0CBEB-432A-4407-8A03-FADD5236D1D5}.Debug|Any CPU.Build.0 = Debug|Any CPU
		{B0D0CBEB-432A-4407-8A03-FADD5236D1D5}.Release|Any CPU.ActiveCfg = Release|Any CPU
		{B0D0CBEB-432A-4407-8A03-FADD5236D1D5}.Release|Any CPU.Build.0 = Release|Any CPU
	EndGlobalSection
	GlobalSection(SolutionProperties) = preSolution
		HideSolutionNode = FALSE
	EndGlobalSection
	GlobalSection(ExtensibilityGlobals) = postSolution
		SolutionGuid = {FD131849-0762-4D24-BC36-BCFF6CE412B6}
	EndGlobalSection
EndGlobal
