
Microsoft Visual Studio Solution File, Format Version 12.00
# Visual Studio Version 16
VisualStudioVersion = 16.0.28803.202
MinimumVisualStudioVersion = 10.0.40219.1
Project("{F184B08F-C81C-45F6-A57F-5ABD9991F28F}") = "variables_consola", "VariablesOperacionales\variables_consola.vbproj", "{D5DD9EDC-6258-4611-AB9B-5538F65B0198}"
EndProject
Project("{F184B08F-C81C-45F6-A57F-5ABD9991F28F}") = "variables_tipos", "Conso\variables_tipos.vbproj", "{F223E1A4-427D-44D4-B8D2-79CE797CA5E2}"
EndProject
Project("{F184B08F-C81C-45F6-A57F-5ABD9991F28F}") = "Concatenación", "Concatenación\Concatenación.vbproj", "{1B22C73D-8F61-46AA-ACCD-112219B6A288}"
EndProject
Project("{F184B08F-C81C-45F6-A57F-5ABD9991F28F}") = "Aritmética", "Aritmética\Aritmética.vbproj", "{8E294823-05A0-48FF-A06D-B41E9E8181B4}"
EndProject
Project("{F184B08F-C81C-45F6-A57F-5ABD9991F28F}") = "Ecuación", "Ecuación\Ecuación.vbproj", "{2D5D2B07-9907-4240-BBEA-89B712ECAC98}"
EndProject
Project("{F184B08F-C81C-45F6-A57F-5ABD9991F28F}") = "SumatoriaYMedia", "SumatoriaYMedia\SumatoriaYMedia.vbproj", "{303B674E-6A1C-4C6C-AB95-29F7B786041F}"
EndProject
Project("{F184B08F-C81C-45F6-A57F-5ABD9991F28F}") = "Semanas", "Semanas\Semanas.vbproj", "{A9328A2F-A649-49FD-8496-C9D374CA346E}"
EndProject
Project("{F184B08F-C81C-45F6-A57F-5ABD9991F28F}") = "TablasDeVerdad", "TablasDeVerdad\TablasDeVerdad.vbproj", "{83CFB034-E9D6-4703-BF2F-6DB43F0FBC17}"
EndProject
Global
	GlobalSection(SolutionConfigurationPlatforms) = preSolution
		Debug|Any CPU = Debug|Any CPU
		Release|Any CPU = Release|Any CPU
	EndGlobalSection
	GlobalSection(ProjectConfigurationPlatforms) = postSolution
		{D5DD9EDC-6258-4611-AB9B-5538F65B0198}.Debug|Any CPU.ActiveCfg = Debug|Any CPU
		{D5DD9EDC-6258-4611-AB9B-5538F65B0198}.Debug|Any CPU.Build.0 = Debug|Any CPU
		{D5DD9EDC-6258-4611-AB9B-5538F65B0198}.Release|Any CPU.ActiveCfg = Release|Any CPU
		{D5DD9EDC-6258-4611-AB9B-5538F65B0198}.Release|Any CPU.Build.0 = Release|Any CPU
		{F223E1A4-427D-44D4-B8D2-79CE797CA5E2}.Debug|Any CPU.ActiveCfg = Debug|Any CPU
		{F223E1A4-427D-44D4-B8D2-79CE797CA5E2}.Debug|Any CPU.Build.0 = Debug|Any CPU
		{F223E1A4-427D-44D4-B8D2-79CE797CA5E2}.Release|Any CPU.ActiveCfg = Release|Any CPU
		{F223E1A4-427D-44D4-B8D2-79CE797CA5E2}.Release|Any CPU.Build.0 = Release|Any CPU
		{1B22C73D-8F61-46AA-ACCD-112219B6A288}.Debug|Any CPU.ActiveCfg = Debug|Any CPU
		{1B22C73D-8F61-46AA-ACCD-112219B6A288}.Debug|Any CPU.Build.0 = Debug|Any CPU
		{1B22C73D-8F61-46AA-ACCD-112219B6A288}.Release|Any CPU.ActiveCfg = Release|Any CPU
		{1B22C73D-8F61-46AA-ACCD-112219B6A288}.Release|Any CPU.Build.0 = Release|Any CPU
		{8E294823-05A0-48FF-A06D-B41E9E8181B4}.Debug|Any CPU.ActiveCfg = Debug|Any CPU
		{8E294823-05A0-48FF-A06D-B41E9E8181B4}.Debug|Any CPU.Build.0 = Debug|Any CPU
		{8E294823-05A0-48FF-A06D-B41E9E8181B4}.Release|Any CPU.ActiveCfg = Release|Any CPU
		{8E294823-05A0-48FF-A06D-B41E9E8181B4}.Release|Any CPU.Build.0 = Release|Any CPU
		{2D5D2B07-9907-4240-BBEA-89B712ECAC98}.Debug|Any CPU.ActiveCfg = Debug|Any CPU
		{2D5D2B07-9907-4240-BBEA-89B712ECAC98}.Debug|Any CPU.Build.0 = Debug|Any CPU
		{2D5D2B07-9907-4240-BBEA-89B712ECAC98}.Release|Any CPU.ActiveCfg = Release|Any CPU
		{2D5D2B07-9907-4240-BBEA-89B712ECAC98}.Release|Any CPU.Build.0 = Release|Any CPU
		{303B674E-6A1C-4C6C-AB95-29F7B786041F}.Debug|Any CPU.ActiveCfg = Debug|Any CPU
		{303B674E-6A1C-4C6C-AB95-29F7B786041F}.Debug|Any CPU.Build.0 = Debug|Any CPU
		{303B674E-6A1C-4C6C-AB95-29F7B786041F}.Release|Any CPU.ActiveCfg = Release|Any CPU
		{303B674E-6A1C-4C6C-AB95-29F7B786041F}.Release|Any CPU.Build.0 = Release|Any CPU
		{A9328A2F-A649-49FD-8496-C9D374CA346E}.Debug|Any CPU.ActiveCfg = Debug|Any CPU
		{A9328A2F-A649-49FD-8496-C9D374CA346E}.Debug|Any CPU.Build.0 = Debug|Any CPU
		{A9328A2F-A649-49FD-8496-C9D374CA346E}.Release|Any CPU.ActiveCfg = Release|Any CPU
		{A9328A2F-A649-49FD-8496-C9D374CA346E}.Release|Any CPU.Build.0 = Release|Any CPU
		{83CFB034-E9D6-4703-BF2F-6DB43F0FBC17}.Debug|Any CPU.ActiveCfg = Debug|Any CPU
		{83CFB034-E9D6-4703-BF2F-6DB43F0FBC17}.Debug|Any CPU.Build.0 = Debug|Any CPU
		{83CFB034-E9D6-4703-BF2F-6DB43F0FBC17}.Release|Any CPU.ActiveCfg = Release|Any CPU
		{83CFB034-E9D6-4703-BF2F-6DB43F0FBC17}.Release|Any CPU.Build.0 = Release|Any CPU
	EndGlobalSection
	GlobalSection(SolutionProperties) = preSolution
		HideSolutionNode = FALSE
	EndGlobalSection
	GlobalSection(ExtensibilityGlobals) = postSolution
		SolutionGuid = {FD131849-0762-4D24-BC36-BCFF6CE412B6}
	EndGlobalSection
EndGlobal
